
Microsoft Visual Studio Solution File, Format Version 12.00
# Visual Studio Version 17
VisualStudioVersion = 17.12.35527.113 d17.12
MinimumVisualStudioVersion = 10.0.40219.1
Project("{FAE04EC0-301F-11D3-BF4B-00C04F79EFBC}") = "BuildingBlocks", "BuildingBlocks\BuildingBlocks.csproj", "{8C0AB9AF-5AC1-4CF1-9662-2817ABA68B1E}"
EndProject
Project("{FAE04EC0-301F-11D3-BF4B-00C04F79EFBC}") = "Product.API", "Product.API\Product.API.csproj", "{0C61A14E-DCEB-417A-9200-1E98109508B0}"
EndProject
Global
	GlobalSection(SolutionConfigurationPlatforms) = preSolution
		Debug|Any CPU = Debug|Any CPU
		Release|Any CPU = Release|Any CPU
	EndGlobalSection
	GlobalSection(ProjectConfigurationPlatforms) = postSolution
		{8C0AB9AF-5AC1-4CF1-9662-2817ABA68B1E}.Debug|Any CPU.ActiveCfg = Debug|Any CPU
		{8C0AB9AF-5AC1-4CF1-9662-2817ABA68B1E}.Debug|Any CPU.Build.0 = Debug|Any CPU
		{8C0AB9AF-5AC1-4CF1-9662-2817ABA68B1E}.Release|Any CPU.ActiveCfg = Release|Any CPU
		{8C0AB9AF-5AC1-4CF1-9662-2817ABA68B1E}.Release|Any CPU.Build.0 = Release|Any CPU
		{0C61A14E-DCEB-417A-9200-1E98109508B0}.Debug|Any CPU.ActiveCfg = Debug|Any CPU
		{0C61A14E-DCEB-417A-9200-1E98109508B0}.Debug|Any CPU.Build.0 = Debug|Any CPU
		{0C61A14E-DCEB-417A-9200-1E98109508B0}.Release|Any CPU.ActiveCfg = Release|Any CPU
		{0C61A14E-DCEB-417A-9200-1E98109508B0}.Release|Any CPU.Build.0 = Release|Any CPU
	EndGlobalSection
	GlobalSection(SolutionProperties) = preSolution
		HideSolutionNode = FALSE
	EndGlobalSection
EndGlobal
